{
  "name": "tour_history",
  "version": "1.0.0",
  "lockfileVersion": 1,
  "requires": true,
  "dependencies": {
    "geojson-project": {
      "version": "1.0.1",
      "resolved": "https://registry.npmjs.org/geojson-project/-/geojson-project-1.0.1.tgz",
      "integrity": "sha1-qpNGWGVYo2XETWaY/80L/FffRAY="
    },
    "geojson-to-svg": {
      "version": "1.0.3",
      "resolved": "https://registry.npmjs.org/geojson-to-svg/-/geojson-to-svg-1.0.3.tgz",
      "integrity": "sha1-KeL4yCNN9ldjtTmvoJ5uOtcKcnU=",
      "requires": {
        "geojson-project": "^1.0.1",
        "json-extend": "^0.1.0",
        "string-hash": "^1.1.0",
        "transformation-matrix-js": "^2.6.5"
      }
    },
    "json-extend": {
      "version": "0.1.0",
      "resolved": "https://registry.npmjs.org/json-extend/-/json-extend-0.1.0.tgz",
      "integrity": "sha1-drGII9XGVgTYh81ZJyrgfaUVA5g="
    },
    "string-hash": {
      "version": "1.1.3",
      "resolved": "https://registry.npmjs.org/string-hash/-/string-hash-1.1.3.tgz",
      "integrity": "sha1-6Kr8CsGFW0Zmkp7X3RJ1311sgRs="
    },
    "transformation-matrix-js": {
      "version": "2.7.6",
      "resolved": "https://registry.npmjs.org/transformation-matrix-js/-/transformation-matrix-js-2.7.6.tgz",
      "integrity": "sha512-1CxDIZmCQ3vA0GGnkdMQqxUXVm3xXAFmglPYRS1hr37LzSg22TC7QAWOT38OmdUvMEs/rqcnkFoAsqvzdiluDg=="
    }
  }
}
